{
  "version": 4,
  "terraform_version": "1.9.8",
  "serial": 3,
  "lineage": "583bece3-467a-ff6b-2644-9b26a9d973b7",
  "outputs": {},
  "resources": [
    {
      "mode": "managed",
      "type": "github_repository",
      "name": "first_repository_terraform",
      "provider": "provider[\"registry.terraform.io/hashicorp/github\"]",
      "instances": [
        {
          "schema_version": 1,
          "attributes": {
            "allow_auto_merge": false,
            "allow_merge_commit": true,
            "allow_rebase_merge": true,
            "allow_squash_merge": true,
            "allow_update_branch": false,
            "archive_on_destroy": null,
            "archived": false,
            "auto_init": true,
            "default_branch": "main",
            "delete_branch_on_merge": false,
            "description": "My first repo",
            "etag": "W/\"f303d40cda535f1e80cdf2909863e6a5ab5f2a3da8743772c87f5059031df3f0\"",
            "full_name": "Vamsi62812/first_repository_terraform333",
            "git_clone_url": "git://github.com/Vamsi62812/first_repository_terraform333.git",
            "gitignore_template": null,
            "has_discussions": false,
            "has_downloads": false,
            "has_issues": false,
            "has_projects": false,
            "has_wiki": false,
            "homepage_url": "",
            "html_url": "https://github.com/Vamsi62812/first_repository_terraform333",
            "http_clone_url": "https://github.com/Vamsi62812/first_repository_terraform333.git",
            "id": "first_repository_terraform333",
            "ignore_vulnerability_alerts_during_read": null,
            "is_template": false,
            "license_template": null,
            "merge_commit_message": "PR_TITLE",
            "merge_commit_title": "MERGE_MESSAGE",
            "name": "first_repository_terraform333",
            "node_id": "R_kgDONF7IEA",
            "pages": [],
            "primary_language": "",
            "private": false,
            "repo_id": 878626832,
            "security_and_analysis": [
              {
                "advanced_security": [],
                "secret_scanning": [
                  {
                    "status": "enabled"
                  }
                ],
                "secret_scanning_push_protection": [
                  {
                    "status": "enabled"
                  }
                ]
              }
            ],
            "squash_merge_commit_message": "COMMIT_MESSAGES",
            "squash_merge_commit_title": "COMMIT_OR_PR_TITLE",
            "ssh_clone_url": "git@github.com:Vamsi62812/first_repository_terraform333.git",
            "svn_url": "https://github.com/Vamsi62812/first_repository_terraform333",
            "template": [],
            "topics": [],
            "visibility": "public",
            "vulnerability_alerts": false,
            "web_commit_signoff_required": false
          },
          "sensitive_attributes": [],
          "private": "eyJzY2hlbWFfdmVyc2lvbiI6IjEifQ=="
        }
      ]
    },
    {
      "mode": "managed",
      "type": "github_repository",
      "name": "second_repository_terraform",
      "provider": "provider[\"registry.terraform.io/hashicorp/github\"]",
      "instances": [
        {
          "schema_version": 1,
          "attributes": {
            "allow_auto_merge": false,
            "allow_merge_commit": true,
            "allow_rebase_merge": true,
            "allow_squash_merge": true,
            "allow_update_branch": false,
            "archive_on_destroy": null,
            "archived": false,
            "auto_init": true,
            "default_branch": "main",
            "delete_branch_on_merge": false,
            "description": "My second repo",
            "etag": "W/\"da7c20eb4e0d92636048c84321b107aa7a8928b1fa9fd1fe39bed1884d62a692\"",
            "full_name": "Vamsi62812/second_repository_terraform444",
            "git_clone_url": "git://github.com/Vamsi62812/second_repository_terraform444.git",
            "gitignore_template": null,
            "has_discussions": false,
            "has_downloads": false,
            "has_issues": false,
            "has_projects": false,
            "has_wiki": false,
            "homepage_url": "",
            "html_url": "https://github.com/Vamsi62812/second_repository_terraform444",
            "http_clone_url": "https://github.com/Vamsi62812/second_repository_terraform444.git",
            "id": "second_repository_terraform444",
            "ignore_vulnerability_alerts_during_read": null,
            "is_template": false,
            "license_template": null,
            "merge_commit_message": "PR_TITLE",
            "merge_commit_title": "MERGE_MESSAGE",
            "name": "second_repository_terraform444",
            "node_id": "R_kgDONF7H-g",
            "pages": [],
            "primary_language": "",
            "private": false,
            "repo_id": 878626810,
            "security_and_analysis": [
              {
                "advanced_security": [],
                "secret_scanning": [
                  {
                    "status": "enabled"
                  }
                ],
                "secret_scanning_push_protection": [
                  {
                    "status": "enabled"
                  }
                ]
              }
            ],
            "squash_merge_commit_message": "COMMIT_MESSAGES",
            "squash_merge_commit_title": "COMMIT_OR_PR_TITLE",
            "ssh_clone_url": "git@github.com:Vamsi62812/second_repository_terraform444.git",
            "svn_url": "https://github.com/Vamsi62812/second_repository_terraform444",
            "template": [],
            "topics": [],
            "visibility": "public",
            "vulnerability_alerts": false,
            "web_commit_signoff_required": false
          },
          "sensitive_attributes": [],
          "private": "eyJzY2hlbWFfdmVyc2lvbiI6IjEifQ=="
        }
      ]
    }
  ],
  "check_results": null
}
